{
  "name": "Backend",
  "lockfileVersion": 3,
  "requires": true,
  "packages": {
    "": {
      "dependencies": {
        "accessibility": "^3.0.9",
        "one-liner-joke": "^1.2.2"
      }
    },
    "node_modules/accessibility": {
      "version": "3.0.9",
      "resolved": "https://registry.npmjs.org/accessibility/-/accessibility-3.0.9.tgz",
      "integrity": "sha512-p05tZNd09C1Voz/+nKQdZxajFo0zI8sDdwZGThoPqole7lCkK2mOg5WJRGDpc+i9iPOoSBKA6mgk9cW5RFhPqQ==",
      "license": "MIT"
    },
    "node_modules/one-liner-joke": {
      "version": "1.2.2",
      "resolved": "https://registry.npmjs.org/one-liner-joke/-/one-liner-joke-1.2.2.tgz",
      "integrity": "sha512-ELNnmMtLPmp3b85J0FGm7i4Q5vfqPNefj6r5oMsk9OgrC3iaccIyn8FInVSsG3nGud4XIDqUKesLcGRCxoU2Zw==",
      "license": "MIT",
      "engines": {
        "node": ">=6.0.0"
      }
    }
  }
}
